
Microsoft Visual Studio Solution File, Format Version 12.00
# Visual Studio Version 16
VisualStudioVersion = 16.0.30611.23
MinimumVisualStudioVersion = 10.0.40219.1
Project("{FAE04EC0-301F-11D3-BF4B-00C04F79EFBC}") = "Ejer1_ObjCSharp", "Ejer1_ObjCSharp\Ejer1_ObjCSharp.csproj", "{A3C5C939-4A24-4DCC-B86E-AF7F44532CD6}"
EndProject
Global
	GlobalSection(SolutionConfigurationPlatforms) = preSolution
		Debug|Any CPU = Debug|Any CPU
		Release|Any CPU = Release|Any CPU
	EndGlobalSection
	GlobalSection(ProjectConfigurationPlatforms) = postSolution
		{A3C5C939-4A24-4DCC-B86E-AF7F44532CD6}.Debug|Any CPU.ActiveCfg = Debug|Any CPU
		{A3C5C939-4A24-4DCC-B86E-AF7F44532CD6}.Debug|Any CPU.Build.0 = Debug|Any CPU
		{A3C5C939-4A24-4DCC-B86E-AF7F44532CD6}.Release|Any CPU.ActiveCfg = Release|Any CPU
		{A3C5C939-4A24-4DCC-B86E-AF7F44532CD6}.Release|Any CPU.Build.0 = Release|Any CPU
	EndGlobalSection
	GlobalSection(SolutionProperties) = preSolution
		HideSolutionNode = FALSE
	EndGlobalSection
	GlobalSection(ExtensibilityGlobals) = postSolution
		SolutionGuid = {159F4626-0653-4E7B-857C-70A42B395783}
	EndGlobalSection
EndGlobal
